// !$*UTF8*$!
{
	archiveVersion = 1;
	classes = {
	};
	objectVersion = 46;
	objects = {

/* Begin PBXBuildFile section */
		ADA06EB71B8202BC00627CD7 /* main.m in Sources */ = {isa = PBXBuildFile; fileRef = ADA06EB61B8202BC00627CD7 /* main.m */; };
		ADA06EBA1B8202BC00627CD7 /* AppDelegate.m in Sources */ = {isa = PBXBuildFile; fileRef = ADA06EB91B8202BC00627CD7 /* AppDelegate.m */; };
		ADA06EBD1B8202BC00627CD7 /* ViewController.m in Sources */ = {isa = PBXBuildFile; fileRef = ADA06EBC1B8202BC00627CD7 /* ViewController.m */; };
		ADA06EC01B8202BC00627CD7 /* Main.storyboard in Resources */ = {isa = PBXBuildFile; fileRef = ADA06EBE1B8202BC00627CD7 /* Main.storyboard */; };
		ADA06EC21B8202BC00627CD7 /* Images.xcassets in Resources */ = {isa = PBXBuildFile; fileRef = ADA06EC11B8202BC00627CD7 /* Images.xcassets */; };
		ADA06EC51B8202BC00627CD7 /* LaunchScreen.xib in Resources */ = {isa = PBXBuildFile; fileRef = ADA06EC31B8202BC00627CD7 /* LaunchScreen.xib */; };
		ADA06ED11B8202BD00627CD7 /* PlistTestTests.m in Sources */ = {isa = PBXBuildFile; fileRef = ADA06ED01B8202BD00627CD7 /* PlistTestTests.m */; };
/* End PBXBuildFile section */

/* Begin PBXContainerItemProxy section */
		ADA06ECB1B8202BD00627CD7 /* PBXContainerItemProxy */ = {
			isa = PBXContainerItemProxy;
			containerPortal = ADA06EA91B8202BC00627CD7 /* Project object */;
			proxyType = 1;
			remoteGlobalIDString = ADA06EB01B8202BC00627CD7;
			remoteInfo = PlistTest;
		};
/* End PBXContainerItemProxy section */

/* Begin PBXFileReference section */
		ADA06EB11B8202BC00627CD7 /* PlistTest.app */ = {isa = PBXFileReference; explicitFileType = wrapper.application; includeInIndex = 0; path = PlistTest.app; sourceTree = BUILT_PRODUCTS_DIR; };
		ADA06EB51B8202BC00627CD7 /* Info.plist */ = {isa = PBXFileReference; lastKnownFileType = text.plist.xml; path = Info.plist; sourceTree = "<group>"; };
		ADA06EB61B8202BC00627CD7 /* main.m */ = {isa = PBXFileReference; lastKnownFileType = sourcecode.c.objc; path = main.m; sourceTree = "<group>"; };
		ADA06EB81B8202BC00627CD7 /* AppDelegate.h */ = {isa = PBXFileReference; lastKnownFileType = sourcecode.c.h; path = AppDelegate.h; sourceTree = "<group>"; };
		ADA06EB91B8202BC00627CD7 /* AppDelegate.m */ = {isa = PBXFileReference; lastKnownFileType = sourcecode.c.objc; path = AppDelegate.m; sourceTree = "<group>"; };
		ADA06EBB1B8202BC00627CD7 /* ViewController.h */ = {isa = PBXFileReference; lastKnownFileType = sourcecode.c.h; path = ViewController.h; sourceTree = "<group>"; };
		ADA06EBC1B8202BC00627CD7 /* ViewController.m */ = {isa = PBXFileReference; lastKnownFileType = sourcecode.c.objc; path = ViewController.m; sourceTree = "<group>"; };
		ADA06EBF1B8202BC00627CD7 /* Base */ = {isa = PBXFileReference; lastKnownFileType = file.storyboard; name = Base; path = Base.lproj/Main.storyboard; sourceTree = "<group>"; };
		ADA06EC11B8202BC00627CD7 /* Images.xcassets */ = {isa = PBXFileReference; lastKnownFileType = folder.assetcatalog; path = Images.xcassets; sourceTree = "<group>"; };
		ADA06EC41B8202BC00627CD7 /* Base */ = {isa = PBXFileReference; lastKnownFileType = file.xib; name = Base; path = Base.lproj/LaunchScreen.xib; sourceTree = "<group>"; };
		ADA06ECA1B8202BD00627CD7 /* PlistTestTests.xctest */ = {isa = PBXFileReference; explicitFileType = wrapper.cfbundle; includeInIndex = 0; path = PlistTestTests.xctest; sourceTree = BUILT_PRODUCTS_DIR; };
		ADA06ECF1B8202BD00627CD7 /* Info.plist */ = {isa = PBXFileReference; lastKnownFileType = text.plist.xml; path = Info.plist; sourceTree = "<group>"; };
		ADA06ED01B8202BD00627CD7 /* PlistTestTests.m */ = {isa = PBXFileReference; lastKnownFileType = sourcecode.c.objc; path = PlistTestTests.m; sourceTree = "<group>"; };
/* End PBXFileReference section */

/* Begin PBXFrameworksBuildPhase section */
		ADA06EAE1B8202BC00627CD7 /* Frameworks */ = {
			isa = PBXFrameworksBuildPhase;
			buildActionMask = 2147483647;
			files = (
			);
			runOnlyForDeploymentPostprocessing = 0;
		};
		ADA06EC71B8202BD00627CD7 /* Frameworks */ = {
			isa = PBXFrameworksBuildPhase;
			buildActionMask = 2147483647;
			files = (
			);
			runOnlyForDeploymentPostprocessing = 0;
		};
/* End PBXFrameworksBuildPhase section */

/* Begin PBXGroup section */
		ADA06EA81B8202BC00627CD7 = {
			isa = PBXGroup;
			children = (
				ADA06EB31B8202BC00627CD7 /* PlistTest */,
				ADA06ECD1B8202BD00627CD7 /* PlistTestTests */,
				ADA06EB21B8202BC00627CD7 /* Products */,
			);
			sourceTree = "<group>";
		};
		ADA06EB21B8202BC00627CD7 /* Products */ = {
			isa = PBXGroup;
			children = (
				ADA06EB11B8202BC00627CD7 /* PlistTest.app */,
				ADA06ECA1B8202BD00627CD7 /* PlistTestTests.xctest */,
			);
			name = Products;
			sourceTree = "<group>";
		};
		ADA06EB31B8202BC00627CD7 /* PlistTest */ = {
			isa = PBXGroup;
			children = (
				ADA06EB81B8202BC00627CD7 /* AppDelegate.h */,
				ADA06EB91B8202BC00627CD7 /* AppDelegate.m */,
				ADA06EBB1B8202BC00627CD7 /* ViewController.h */,
				ADA06EBC1B8202BC00627CD7 /* ViewController.m */,
				ADA06EBE1B8202BC00627CD7 /* Main.storyboard */,
				ADA06EC11B8202BC00627CD7 /* Images.xcassets */,
				ADA06EC31B8202BC00627CD7 /* LaunchScreen.xib */,
				ADA06EB41B8202BC00627CD7 /* Supporting Files */,
			);
			path = PlistTest;
			sourceTree = "<group>";
		};
		ADA06EB41B8202BC00627CD7 /* Supporting Files */ = {
			isa = PBXGroup;
			children = (
				ADA06EB51B8202BC00627CD7 /* Info.plist */,
				ADA06EB61B8202BC00627CD7 /* main.m */,
			);
			name = "Supporting Files";
			sourceTree = "<group>";
		};
		ADA06ECD1B8202BD00627CD7 /* PlistTestTests */ = {
			isa = PBXGroup;
			children = (
				ADA06ED01B8202BD00627CD7 /* PlistTestTests.m */,
				ADA06ECE1B8202BD00627CD7 /* Supporting Files */,
			);
			path = PlistTestTests;
			sourceTree = "<group>";
		};
		ADA06ECE1B8202BD00627CD7 /* Supporting Files */ = {
			isa = PBXGroup;
			children = (
				ADA06ECF1B8202BD00627CD7 /* Info.plist */,
			);
			name = "Supporting Files";
			sourceTree = "<group>";
		};
/* End PBXGroup section */

/* Begin PBXNativeTarget section */
		ADA06EB01B8202BC00627CD7 /* PlistTest */ = {
			isa = PBXNativeTarget;
			buildConfigurationList = ADA06ED41B8202BD00627CD7 /* Build configuration list for PBXNativeTarget "PlistTest" */;
			buildPhases = (
				ADA06EAD1B8202BC00627CD7 /* Sources */,
				ADA06EAE1B8202BC00627CD7 /* Frameworks */,
				ADA06EAF1B8202BC00627CD7 /* Resources */,
			);
			buildRules = (
			);
			dependencies = (
			);
			name = PlistTest;
			productName = PlistTest;
			productReference = ADA06EB11B8202BC00627CD7 /* PlistTest.app */;
			productType = "com.apple.product-type.application";
		};
		ADA06EC91B8202BD00627CD7 /* PlistTestTests */ = {
			isa = PBXNativeTarget;
			buildConfigurationList = ADA06ED71B8202BD00627CD7 /* Build configuration list for PBXNativeTarget "PlistTestTests" */;
			buildPhases = (
				ADA06EC61B8202BD00627CD7 /* Sources */,
				ADA06EC71B8202BD00627CD7 /* Frameworks */,
				ADA06EC81B8202BD00627CD7 /* Resources */,
			);
			buildRules = (
			);
			dependencies = (
				ADA06ECC1B8202BD00627CD7 /* PBXTargetDependency */,
			);
			name = PlistTestTests;
			productName = PlistTestTests;
			productReference = ADA06ECA1B8202BD00627CD7 /* PlistTestTests.xctest */;
			productType = "com.apple.product-type.bundle.unit-test";
		};
/* End PBXNativeTarget section */

/* Begin PBXProject section */
		ADA06EA91B8202BC00627CD7 /* Project object */ = {
			isa = PBXProject;
			attributes = {
				LastUpgradeCheck = 0640;
				ORGANIZATIONNAME = csdc;
				TargetAttributes = {
					ADA06EB01B8202BC00627CD7 = {
						CreatedOnToolsVersion = 6.4;
					};
					ADA06EC91B8202BD00627CD7 = {
						CreatedOnToolsVersion = 6.4;
						TestTargetID = ADA06EB01B8202BC00627CD7;
					};
				};
			};
			buildConfigurationList = ADA06EAC1B8202BC00627CD7 /* Build configuration list for PBXProject "PlistTest" */;
			compatibilityVersion = "Xcode 3.2";
			developmentRegion = English;
			hasScannedForEncodings = 0;
			knownRegions = (
				en,
				Base,
			);
			mainGroup = ADA06EA81B8202BC00627CD7;
			productRefGroup = ADA06EB21B8202BC00627CD7 /* Products */;
			projectDirPath = "";
			projectRoot = "";
			targets = (
				ADA06EB01B8202BC00627CD7 /* PlistTest */,
				ADA06EC91B8202BD00627CD7 /* PlistTestTests */,
			);
		};
/* End PBXProject section */

/* Begin PBXResourcesBuildPhase section */
		ADA06EAF1B8202BC00627CD7 /* Resources */ = {
			isa = PBXResourcesBuildPhase;
			buildActionMask = 2147483647;
			files = (
				ADA06EC01B8202BC00627CD7 /* Main.storyboard in Resources */,
				ADA06EC51B8202BC00627CD7 /* LaunchScreen.xib in Resources */,
				ADA06EC21B8202BC00627CD7 /* Images.xcassets in Resources */,
			);
			runOnlyForDeploymentPostprocessing = 0;
		};
		ADA06EC81B8202BD00627CD7 /* Resources */ = {
			isa = PBXResourcesBuildPhase;
			buildActionMask = 2147483647;
			files = (
			);
			runOnlyForDeploymentPostprocessing = 0;
		};
/* End PBXResourcesBuildPhase section */

/* Begin PBXSourcesBuildPhase section */
		ADA06EAD1B8202BC00627CD7 /* Sources */ = {
			isa = PBXSourcesBuildPhase;
			buildActionMask = 2147483647;
			files = (
				ADA06EBD1B8202BC00627CD7 /* ViewController.m in Sources */,
				ADA06EBA1B8202BC00627CD7 /* AppDelegate.m in Sources */,
				ADA06EB71B8202BC00627CD7 /* main.m in Sources */,
			);
			runOnlyForDeploymentPostprocessing = 0;
		};
		ADA06EC61B8202BD00627CD7 /* Sources */ = {
			isa = PBXSourcesBuildPhase;
			buildActionMask = 2147483647;
			files = (
				ADA06ED11B8202BD00627CD7 /* PlistTestTests.m in Sources */,
			);
			runOnlyForDeploymentPostprocessing = 0;
		};
/* End PBXSourcesBuildPhase section */

/* Begin PBXTargetDependency section */
		ADA06ECC1B8202BD00627CD7 /* PBXTargetDependency */ = {
			isa = PBXTargetDependency;
			target = ADA06EB01B8202BC00627CD7 /* PlistTest */;
			targetProxy = ADA06ECB1B8202BD00627CD7 /* PBXContainerItemProxy */;
		};
/* End PBXTargetDependency section */

/* Begin PBXVariantGroup section */
		ADA06EBE1B8202BC00627CD7 /* Main.storyboard */ = {
			isa = PBXVariantGroup;
			children = (
				ADA06EBF1B8202BC00627CD7 /* Base */,
			);
			name = Main.storyboard;
			sourceTree = "<group>";
		};
		ADA06EC31B8202BC00627CD7 /* LaunchScreen.xib */ = {
			isa = PBXVariantGroup;
			children = (
				ADA06EC41B8202BC00627CD7 /* Base */,
			);
			name = LaunchScreen.xib;
			sourceTree = "<group>";
		};
/* End PBXVariantGroup section */

/* Begin XCBuildConfiguration section */
		ADA06ED21B8202BD00627CD7 /* Debug */ = {
			isa = XCBuildConfiguration;
			buildSettings = {
				ALWAYS_SEARCH_USER_PATHS = NO;
				CLANG_CXX_LANGUAGE_STANDARD = "gnu++0x";
				CLANG_CXX_LIBRARY = "libc++";
				CLANG_ENABLE_MODULES = YES;
				CLANG_ENABLE_OBJC_ARC = YES;
				CLANG_WARN_BOOL_CONVERSION = YES;
				CLANG_WARN_CONSTANT_CONVERSION = YES;
				CLANG_WARN_DIRECT_OBJC_ISA_USAGE = YES_ERROR;
				CLANG_WARN_EMPTY_BODY = YES;
				CLANG_WARN_ENUM_CONVERSION = YES;
				CLANG_WARN_INT_CONVERSION = YES;
				CLANG_WARN_OBJC_ROOT_CLASS = YES_ERROR;
				CLANG_WARN_UNREACHABLE_CODE = YES;
				CLANG_WARN__DUPLICATE_METHOD_MATCH = YES;
				"CODE_SIGN_IDENTITY[sdk=iphoneos*]" = "iPhone Developer";
				COPY_PHASE_STRIP = NO;
				DEBUG_INFORMATION_FORMAT = "dwarf-with-dsym";
				ENABLE_STRICT_OBJC_MSGSEND = YES;
				GCC_C_LANGUAGE_STANDARD = gnu99;
				GCC_DYNAMIC_NO_PIC = NO;
				GCC_NO_COMMON_BLOCKS = YES;
				GCC_OPTIMIZATION_LEVEL = 0;
				GCC_PREPROCESSOR_DEFINITIONS = (
					"DEBUG=1",
					"$(inherited)",
				);
				GCC_SYMBOLS_PRIVATE_EXTERN = NO;
				GCC_WARN_64_TO_32_BIT_CONVERSION = YES;
				GCC_WARN_ABOUT_RETURN_TYPE = YES_ERROR;
				GCC_WARN_UNDECLARED_SELECTOR = YES;
				GCC_WARN_UNINITIALIZED_AUTOS = YES_AGGRESSIVE;
				GCC_WARN_UNUSED_FUNCTION = YES;
				GCC_WARN_UNUSED_VARIABLE = YES;
				IPHONEOS_DEPLOYMENT_TARGET = 8.4;
				MTL_ENABLE_DEBUG_INFO = YES;
				ONLY_ACTIVE_ARCH = YES;
				SDKROOT = iphoneos;
			};
			name = Debug;
		};
		ADA06ED31B8202BD00627CD7 /* Release */ = {
			isa = XCBuildConfiguration;
			buildSettings = {
				ALWAYS_SEARCH_USER_PATHS = NO;
				CLANG_CXX_LANGUAGE_STANDARD = "gnu++0x";
				CLANG_CXX_LIBRARY = "libc++";
				CLANG_ENABLE_MODULES = YES;
				CLANG_ENABLE_OBJC_ARC = YES;
				CLANG_WARN_BOOL_CONVERSION = YES;
				CLANG_WARN_CONSTANT_CONVERSION = YES;
				CLANG_WARN_DIRECT_OBJC_ISA_USAGE = YES_ERROR;
				CLANG_WARN_EMPTY_BODY = YES;
				CLANG_WARN_ENUM_CONVERSION = YES;
				CLANG_WARN_INT_CONVERSION = YES;
				CLANG_WARN_OBJC_ROOT_CLASS = YES_ERROR;
				CLANG_WARN_UNREACHABLE_CODE = YES;
				CLANG_WARN__DUPLICATE_METHOD_MATCH = YES;
				"CODE_SIGN_IDENTITY[sdk=iphoneos*]" = "iPhone Developer";
				COPY_PHASE_STRIP = NO;
				DEBUG_INFORMATION_FORMAT = "dwarf-with-dsym";
				ENABLE_NS_ASSERTIONS = NO;
				ENABLE_STRICT_OBJC_MSGSEND = YES;
				GCC_C_LANGUAGE_STANDARD = gnu99;
				GCC_NO_COMMON_BLOCKS = YES;
				GCC_WARN_64_TO_32_BIT_CONVERSION = YES;
				GCC_WARN_ABOUT_RETURN_TYPE = YES_ERROR;
				GCC_WARN_UNDECLARED_SELECTOR = YES;
				GCC_WARN_UNINITIALIZED_AUTOS = YES_AGGRESSIVE;
				GCC_WARN_UNUSED_FUNCTION = YES;
				GCC_WARN_UNUSED_VARIABLE = YES;
				IPHONEOS_DEPLOYMENT_TARGET = 8.4;
				MTL_ENABLE_DEBUG_INFO = NO;
				SDKROOT = iphoneos;
				VALIDATE_PRODUCT = YES;
			};
			name = Release;
		};
		ADA06ED51B8202BD00627CD7 /* Debug */ = {
			isa = XCBuildConfiguration;
			buildSettings = {
				ASSETCATALOG_COMPILER_APPICON_NAME = AppIcon;
				INFOPLIST_FILE = PlistTest/Info.plist;
				LD_RUNPATH_SEARCH_PATHS = "$(inherited) @executable_path/Frameworks";
				PRODUCT_NAME = "$(TARGET_NAME)";
			};
			name = Debug;
		};
		ADA06ED61B8202BD00627CD7 /* Release */ = {
			isa = XCBuildConfiguration;
			buildSettings = {
				ASSETCATALOG_COMPILER_APPICON_NAME = AppIcon;
				INFOPLIST_FILE = PlistTest/Info.plist;
				LD_RUNPATH_SEARCH_PATHS = "$(inherited) @executable_path/Frameworks";
				PRODUCT_NAME = "$(TARGET_NAME)";
			};
			name = Release;
		};
		ADA06ED81B8202BD00627CD7 /* Debug */ = {
			isa = XCBuildConfiguration;
			buildSettings = {
				BUNDLE_LOADER = "$(TEST_HOST)";
				FRAMEWORK_SEARCH_PATHS = (
					"$(SDKROOT)/Developer/Library/Frameworks",
					"$(inherited)",
				);
				GCC_PREPROCESSOR_DEFINITIONS = (
					"DEBUG=1",
					"$(inherited)",
				);
				INFOPLIST_FILE = PlistTestTests/Info.plist;
				LD_RUNPATH_SEARCH_PATHS = "$(inherited) @executable_path/Frameworks @loader_path/Frameworks";
				PRODUCT_NAME = "$(TARGET_NAME)";
				TEST_HOST = "$(BUILT_PRODUCTS_DIR)/PlistTest.app/PlistTest";
			};
			name = Debug;
		};
		ADA06ED91B8202BD00627CD7 /* Release */ = {
			isa = XCBuildConfiguration;
			buildSettings = {
				BUNDLE_LOADER = "$(TEST_HOST)";
				FRAMEWORK_SEARCH_PATHS = (
					"$(SDKROOT)/Developer/Library/Frameworks",
					"$(inherited)",
				);
				INFOPLIST_FILE = PlistTestTests/Info.plist;
				LD_RUNPATH_SEARCH_PATHS = "$(inherited) @executable_path/Frameworks @loader_path/Frameworks";
				PRODUCT_NAME = "$(TARGET_NAME)";
				TEST_HOST = "$(BUILT_PRODUCTS_DIR)/PlistTest.app/PlistTest";
			};
			name = Release;
		};
/* End XCBuildConfiguration section */

/* Begin XCConfigurationList section */
		ADA06EAC1B8202BC00627CD7 /* Build configuration list for PBXProject "PlistTest" */ = {
			isa = XCConfigurationList;
			buildConfigurations = (
				ADA06ED21B8202BD00627CD7 /* Debug */,
				ADA06ED31B8202BD00627CD7 /* Release */,
			);
			defaultConfigurationIsVisible = 0;
			defaultConfigurationName = Release;
		};
		ADA06ED41B8202BD00627CD7 /* Build configuration list for PBXNativeTarget "PlistTest" */ = {
			isa = XCConfigurationList;
			buildConfigurations = (
				ADA06ED51B8202BD00627CD7 /* Debug */,
				ADA06ED61B8202BD00627CD7 /* Release */,
			);
			defaultConfigurationIsVisible = 0;
		};
		ADA06ED71B8202BD00627CD7 /* Build configuration list for PBXNativeTarget "PlistTestTests" */ = {
			isa = XCConfigurationList;
			buildConfigurations = (
				ADA06ED81B8202BD00627CD7 /* Debug */,
				ADA06ED91B8202BD00627CD7 /* Release */,
			);
			defaultConfigurationIsVisible = 0;
		};
/* End XCConfigurationList section */
	};
	rootObject = ADA06EA91B8202BC00627CD7 /* Project object */;
}
